// !$*UTF8*$!
{
	archiveVersion = 1;
	classes = {
	};
	objectVersion = 55;
	objects = {

/* Begin PBXBuildFile section */
		F806F95D281B2D3600077EF8 /* CaloriesDemoApp.swift in Sources */ = {isa = PBXBuildFile; fileRef = F806F95C281B2D3600077EF8 /* CaloriesDemoApp.swift */; };
		F806F961281B2D3700077EF8 /* Assets.xcassets in Resources */ = {isa = PBXBuildFile; fileRef = F806F960281B2D3700077EF8 /* Assets.xcassets */; };
		F806F964281B2D3700077EF8 /* Preview Assets.xcassets in Resources */ = {isa = PBXBuildFile; fileRef = F806F963281B2D3700077EF8 /* Preview Assets.xcassets */; };
		F806F96F281B2D9000077EF8 /* Food.xcdatamodeld in Sources */ = {isa = PBXBuildFile; fileRef = F806F96D281B2D9000077EF8 /* Food.xcdatamodeld */; };
		F806F993281B318F00077EF8 /* AddFoodView.swift in Sources */ = {isa = PBXBuildFile; fileRef = F806F992281B318F00077EF8 /* AddFoodView.swift */; };
		F806F995281B351C00077EF8 /* TimeFormatting.swift in Sources */ = {isa = PBXBuildFile; fileRef = F806F994281B351C00077EF8 /* TimeFormatting.swift */; };
		F806F997281B361F00077EF8 /* HomeView.swift in Sources */ = {isa = PBXBuildFile; fileRef = F806F996281B361F00077EF8 /* HomeView.swift */; };
		F806F999281BE47800077EF8 /* EditFoodView.swift in Sources */ = {isa = PBXBuildFile; fileRef = F806F998281BE47800077EF8 /* EditFoodView.swift */; };
		F806F99B281BE71600077EF8 /* FoodViewModel.swift in Sources */ = {isa = PBXBuildFile; fileRef = F806F99A281BE71600077EF8 /* FoodViewModel.swift */; };
		F806F99D281BFDBB00077EF8 /* FoodRowView.swift in Sources */ = {isa = PBXBuildFile; fileRef = F806F99C281BFDBB00077EF8 /* FoodRowView.swift */; };
		F806F99F281BFE2800077EF8 /* ListFoodView.swift in Sources */ = {isa = PBXBuildFile; fileRef = F806F99E281BFE2800077EF8 /* ListFoodView.swift */; };
/* End PBXBuildFile section */

/* Begin PBXFileReference section */
		F806F959281B2D3600077EF8 /* CaloriesDemo.app */ = {isa = PBXFileReference; explicitFileType = wrapper.application; includeInIndex = 0; path = CaloriesDemo.app; sourceTree = BUILT_PRODUCTS_DIR; };
		F806F95C281B2D3600077EF8 /* CaloriesDemoApp.swift */ = {isa = PBXFileReference; lastKnownFileType = sourcecode.swift; path = CaloriesDemoApp.swift; sourceTree = "<group>"; };
		F806F960281B2D3700077EF8 /* Assets.xcassets */ = {isa = PBXFileReference; lastKnownFileType = folder.assetcatalog; path = Assets.xcassets; sourceTree = "<group>"; };
		F806F963281B2D3700077EF8 /* Preview Assets.xcassets */ = {isa = PBXFileReference; lastKnownFileType = folder.assetcatalog; path = "Preview Assets.xcassets"; sourceTree = "<group>"; };
		F806F96E281B2D9000077EF8 /* Food.xcdatamodel */ = {isa = PBXFileReference; lastKnownFileType = wrapper.xcdatamodel; path = Food.xcdatamodel; sourceTree = "<group>"; };
		F806F992281B318F00077EF8 /* AddFoodView.swift */ = {isa = PBXFileReference; lastKnownFileType = sourcecode.swift; path = AddFoodView.swift; sourceTree = "<group>"; };
		F806F994281B351C00077EF8 /* TimeFormatting.swift */ = {isa = PBXFileReference; lastKnownFileType = sourcecode.swift; path = TimeFormatting.swift; sourceTree = "<group>"; };
		F806F996281B361F00077EF8 /* HomeView.swift */ = {isa = PBXFileReference; lastKnownFileType = sourcecode.swift; path = HomeView.swift; sourceTree = "<group>"; };
		F806F998281BE47800077EF8 /* EditFoodView.swift */ = {isa = PBXFileReference; lastKnownFileType = sourcecode.swift; path = EditFoodView.swift; sourceTree = "<group>"; };
		F806F99A281BE71600077EF8 /* FoodViewModel.swift */ = {isa = PBXFileReference; lastKnownFileType = sourcecode.swift; path = FoodViewModel.swift; sourceTree = "<group>"; };
		F806F99C281BFDBB00077EF8 /* FoodRowView.swift */ = {isa = PBXFileReference; lastKnownFileType = sourcecode.swift; path = FoodRowView.swift; sourceTree = "<group>"; };
		F806F99E281BFE2800077EF8 /* ListFoodView.swift */ = {isa = PBXFileReference; lastKnownFileType = sourcecode.swift; path = ListFoodView.swift; sourceTree = "<group>"; };
/* End PBXFileReference section */

/* Begin PBXFrameworksBuildPhase section */
		F806F956281B2D3600077EF8 /* Frameworks */ = {
			isa = PBXFrameworksBuildPhase;
			buildActionMask = 2147483647;
			files = (
			);
			runOnlyForDeploymentPostprocessing = 0;
		};
/* End PBXFrameworksBuildPhase section */

/* Begin PBXGroup section */
		F806F950281B2D3600077EF8 = {
			isa = PBXGroup;
			children = (
				F806F95B281B2D3600077EF8 /* CaloriesDemo */,
				F806F95A281B2D3600077EF8 /* Products */,
			);
			sourceTree = "<group>";
		};
		F806F95A281B2D3600077EF8 /* Products */ = {
			isa = PBXGroup;
			children = (
				F806F959281B2D3600077EF8 /* CaloriesDemo.app */,
			);
			name = Products;
			sourceTree = "<group>";
		};
		F806F95B281B2D3600077EF8 /* CaloriesDemo */ = {
			isa = PBXGroup;
			children = (
				F806F95C281B2D3600077EF8 /* CaloriesDemoApp.swift */,
				F806F96A281B2D4700077EF8 /* Views */,
				F806F96C281B2D5900077EF8 /* ModelViews */,
				F806F96B281B2D5300077EF8 /* Models */,
				F806F994281B351C00077EF8 /* TimeFormatting.swift */,
				F806F960281B2D3700077EF8 /* Assets.xcassets */,
				F806F962281B2D3700077EF8 /* Preview Content */,
			);
			path = CaloriesDemo;
			sourceTree = "<group>";
		};
		F806F962281B2D3700077EF8 /* Preview Content */ = {
			isa = PBXGroup;
			children = (
				F806F963281B2D3700077EF8 /* Preview Assets.xcassets */,
			);
			path = "Preview Content";
			sourceTree = "<group>";
		};
		F806F96A281B2D4700077EF8 /* Views */ = {
			isa = PBXGroup;
			children = (
				F806F996281B361F00077EF8 /* HomeView.swift */,
				F806F99E281BFE2800077EF8 /* ListFoodView.swift */,
				F806F99C281BFDBB00077EF8 /* FoodRowView.swift */,
				F806F992281B318F00077EF8 /* AddFoodView.swift */,
				F806F998281BE47800077EF8 /* EditFoodView.swift */,
			);
			path = Views;
			sourceTree = "<group>";
		};
		F806F96B281B2D5300077EF8 /* Models */ = {
			isa = PBXGroup;
			children = (
				F806F96D281B2D9000077EF8 /* Food.xcdatamodeld */,
			);
			path = Models;
			sourceTree = "<group>";
		};
		F806F96C281B2D5900077EF8 /* ModelViews */ = {
			isa = PBXGroup;
			children = (
				F806F99A281BE71600077EF8 /* FoodViewModel.swift */,
			);
			path = ModelViews;
			sourceTree = "<group>";
		};
/* End PBXGroup section */

/* Begin PBXNativeTarget section */
		F806F958281B2D3600077EF8 /* CaloriesDemo */ = {
			isa = PBXNativeTarget;
			buildConfigurationList = F806F967281B2D3700077EF8 /* Build configuration list for PBXNativeTarget "CaloriesDemo" */;
			buildPhases = (
				F806F955281B2D3600077EF8 /* Sources */,
				F806F956281B2D3600077EF8 /* Frameworks */,
				F806F957281B2D3600077EF8 /* Resources */,
			);
			buildRules = (
			);
			dependencies = (
			);
			name = CaloriesDemo;
			productName = CaloriesDemo;
			productReference = F806F959281B2D3600077EF8 /* CaloriesDemo.app */;
			productType = "com.apple.product-type.application";
		};
/* End PBXNativeTarget section */

/* Begin PBXProject section */
		F806F951281B2D3600077EF8 /* Project object */ = {
			isa = PBXProject;
			attributes = {
				BuildIndependentTargetsInParallel = 1;
				LastSwiftUpdateCheck = 1330;
				LastUpgradeCheck = 1330;
				TargetAttributes = {
					F806F958281B2D3600077EF8 = {
						CreatedOnToolsVersion = 13.3.1;
					};
				};
			};
			buildConfigurationList = F806F954281B2D3600077EF8 /* Build configuration list for PBXProject "CaloriesDemo" */;
			compatibilityVersion = "Xcode 13.0";
			developmentRegion = en;
			hasScannedForEncodings = 0;
			knownRegions = (
				en,
				Base,
			);
			mainGroup = F806F950281B2D3600077EF8;
			productRefGroup = F806F95A281B2D3600077EF8 /* Products */;
			projectDirPath = "";
			projectRoot = "";
			targets = (
				F806F958281B2D3600077EF8 /* CaloriesDemo */,
			);
		};
/* End PBXProject section */

/* Begin PBXResourcesBuildPhase section */
		F806F957281B2D3600077EF8 /* Resources */ = {
			isa = PBXResourcesBuildPhase;
			buildActionMask = 2147483647;
			files = (
				F806F964281B2D3700077EF8 /* Preview Assets.xcassets in Resources */,
				F806F961281B2D3700077EF8 /* Assets.xcassets in Resources */,
			);
			runOnlyForDeploymentPostprocessing = 0;
		};
/* End PBXResourcesBuildPhase section */

/* Begin PBXSourcesBuildPhase section */
		F806F955281B2D3600077EF8 /* Sources */ = {
			isa = PBXSourcesBuildPhase;
			buildActionMask = 2147483647;
			files = (
				F806F993281B318F00077EF8 /* AddFoodView.swift in Sources */,
				F806F997281B361F00077EF8 /* HomeView.swift in Sources */,
				F806F99B281BE71600077EF8 /* FoodViewModel.swift in Sources */,
				F806F99F281BFE2800077EF8 /* ListFoodView.swift in Sources */,
				F806F95D281B2D3600077EF8 /* CaloriesDemoApp.swift in Sources */,
				F806F96F281B2D9000077EF8 /* Food.xcdatamodeld in Sources */,
				F806F999281BE47800077EF8 /* EditFoodView.swift in Sources */,
				F806F995281B351C00077EF8 /* TimeFormatting.swift in Sources */,
				F806F99D281BFDBB00077EF8 /* FoodRowView.swift in Sources */,
			);
			runOnlyForDeploymentPostprocessing = 0;
		};
/* End PBXSourcesBuildPhase section */

/* Begin XCBuildConfiguration section */
		F806F965281B2D3700077EF8 /* Debug */ = {
			isa = XCBuildConfiguration;
			buildSettings = {
				ALWAYS_SEARCH_USER_PATHS = NO;
				CLANG_ANALYZER_NONNULL = YES;
				CLANG_ANALYZER_NUMBER_OBJECT_CONVERSION = YES_AGGRESSIVE;
				CLANG_CXX_LANGUAGE_STANDARD = "gnu++17";
				CLANG_ENABLE_MODULES = YES;
				CLANG_ENABLE_OBJC_ARC = YES;
				CLANG_ENABLE_OBJC_WEAK = YES;
				CLANG_WARN_BLOCK_CAPTURE_AUTORELEASING = YES;
				CLANG_WARN_BOOL_CONVERSION = YES;
				CLANG_WARN_COMMA = YES;
				CLANG_WARN_CONSTANT_CONVERSION = YES;
				CLANG_WARN_DEPRECATED_OBJC_IMPLEMENTATIONS = YES;
				CLANG_WARN_DIRECT_OBJC_ISA_USAGE = YES_ERROR;
				CLANG_WARN_DOCUMENTATION_COMMENTS = YES;
				CLANG_WARN_EMPTY_BODY = YES;
				CLANG_WARN_ENUM_CONVERSION = YES;
				CLANG_WARN_INFINITE_RECURSION = YES;
				CLANG_WARN_INT_CONVERSION = YES;
				CLANG_WARN_NON_LITERAL_NULL_CONVERSION = YES;
				CLANG_WARN_OBJC_IMPLICIT_RETAIN_SELF = YES;
				CLANG_WARN_OBJC_LITERAL_CONVERSION = YES;
				CLANG_WARN_OBJC_ROOT_CLASS = YES_ERROR;
				CLANG_WARN_QUOTED_INCLUDE_IN_FRAMEWORK_HEADER = YES;
				CLANG_WARN_RANGE_LOOP_ANALYSIS = YES;
				CLANG_WARN_STRICT_PROTOTYPES = YES;
				CLANG_WARN_SUSPICIOUS_MOVE = YES;
				CLANG_WARN_UNGUARDED_AVAILABILITY = YES_AGGRESSIVE;
				CLANG_WARN_UNREACHABLE_CODE = YES;
				CLANG_WARN__DUPLICATE_METHOD_MATCH = YES;
				COPY_PHASE_STRIP = NO;
				DEBUG_INFORMATION_FORMAT = dwarf;
				ENABLE_STRICT_OBJC_MSGSEND = YES;
				ENABLE_TESTABILITY = YES;
				GCC_C_LANGUAGE_STANDARD = gnu11;
				GCC_DYNAMIC_NO_PIC = NO;
				GCC_NO_COMMON_BLOCKS = YES;
				GCC_OPTIMIZATION_LEVEL = 0;
				GCC_PREPROCESSOR_DEFINITIONS = (
					"DEBUG=1",
					"$(inherited)",
				);
				GCC_WARN_64_TO_32_BIT_CONVERSION = YES;
				GCC_WARN_ABOUT_RETURN_TYPE = YES_ERROR;
				GCC_WARN_UNDECLARED_SELECTOR = YES;
				GCC_WARN_UNINITIALIZED_AUTOS = YES_AGGRESSIVE;
				GCC_WARN_UNUSED_FUNCTION = YES;
				GCC_WARN_UNUSED_VARIABLE = YES;
				IPHONEOS_DEPLOYMENT_TARGET = 15.4;
				MTL_ENABLE_DEBUG_INFO = INCLUDE_SOURCE;
				MTL_FAST_MATH = YES;
				ONLY_ACTIVE_ARCH = YES;
				SDKROOT = iphoneos;
				SWIFT_ACTIVE_COMPILATION_CONDITIONS = DEBUG;
				SWIFT_OPTIMIZATION_LEVEL = "-Onone";
			};
			name = Debug;
		};
		F806F966281B2D3700077EF8 /* Release */ = {
			isa = XCBuildConfiguration;
			buildSettings = {
				ALWAYS_SEARCH_USER_PATHS = NO;
				CLANG_ANALYZER_NONNULL = YES;
				CLANG_ANALYZER_NUMBER_OBJECT_CONVERSION = YES_AGGRESSIVE;
				CLANG_CXX_LANGUAGE_STANDARD = "gnu++17";
				CLANG_ENABLE_MODULES = YES;
				CLANG_ENABLE_OBJC_ARC = YES;
				CLANG_ENABLE_OBJC_WEAK = YES;
				CLANG_WARN_BLOCK_CAPTURE_AUTORELEASING = YES;
				CLANG_WARN_BOOL_CONVERSION = YES;
				CLANG_WARN_COMMA = YES;
				CLANG_WARN_CONSTANT_CONVERSION = YES;
				CLANG_WARN_DEPRECATED_OBJC_IMPLEMENTATIONS = YES;
				CLANG_WARN_DIRECT_OBJC_ISA_USAGE = YES_ERROR;
				CLANG_WARN_DOCUMENTATION_COMMENTS = YES;
				CLANG_WARN_EMPTY_BODY = YES;
				CLANG_WARN_ENUM_CONVERSION = YES;
				CLANG_WARN_INFINITE_RECURSION = YES;
				CLANG_WARN_INT_CONVERSION = YES;
				CLANG_WARN_NON_LITERAL_NULL_CONVERSION = YES;
				CLANG_WARN_OBJC_IMPLICIT_RETAIN_SELF = YES;
				CLANG_WARN_OBJC_LITERAL_CONVERSION = YES;
				CLANG_WARN_OBJC_ROOT_CLASS = YES_ERROR;
				CLANG_WARN_QUOTED_INCLUDE_IN_FRAMEWORK_HEADER = YES;
				CLANG_WARN_RANGE_LOOP_ANALYSIS = YES;
				CLANG_WARN_STRICT_PROTOTYPES = YES;
				CLANG_WARN_SUSPICIOUS_MOVE = YES;
				CLANG_WARN_UNGUARDED_AVAILABILITY = YES_AGGRESSIVE;
				CLANG_WARN_UNREACHABLE_CODE = YES;
				CLANG_WARN__DUPLICATE_METHOD_MATCH = YES;
				COPY_PHASE_STRIP = NO;
				DEBUG_INFORMATION_FORMAT = "dwarf-with-dsym";
				ENABLE_NS_ASSERTIONS = NO;
				ENABLE_STRICT_OBJC_MSGSEND = YES;
				GCC_C_LANGUAGE_STANDARD = gnu11;
				GCC_NO_COMMON_BLOCKS = YES;
				GCC_WARN_64_TO_32_BIT_CONVERSION = YES;
				GCC_WARN_ABOUT_RETURN_TYPE = YES_ERROR;
				GCC_WARN_UNDECLARED_SELECTOR = YES;
				GCC_WARN_UNINITIALIZED_AUTOS = YES_AGGRESSIVE;
				GCC_WARN_UNUSED_FUNCTION = YES;
				GCC_WARN_UNUSED_VARIABLE = YES;
				IPHONEOS_DEPLOYMENT_TARGET = 15.4;
				MTL_ENABLE_DEBUG_INFO = NO;
				MTL_FAST_MATH = YES;
				SDKROOT = iphoneos;
				SWIFT_COMPILATION_MODE = wholemodule;
				SWIFT_OPTIMIZATION_LEVEL = "-O";
				VALIDATE_PRODUCT = YES;
			};
			name = Release;
		};
		F806F968281B2D3700077EF8 /* Debug */ = {
			isa = XCBuildConfiguration;
			buildSettings = {
				ASSETCATALOG_COMPILER_APPICON_NAME = AppIcon;
				ASSETCATALOG_COMPILER_GLOBAL_ACCENT_COLOR_NAME = AccentColor;
				CODE_SIGN_STYLE = Automatic;
				CURRENT_PROJECT_VERSION = 1;
				DEVELOPMENT_ASSET_PATHS = "\"CaloriesDemo/Preview Content\"";
				DEVELOPMENT_TEAM = H5J3S6F67R;
				ENABLE_PREVIEWS = YES;
				GENERATE_INFOPLIST_FILE = YES;
				INFOPLIST_KEY_UIApplicationSceneManifest_Generation = YES;
				INFOPLIST_KEY_UIApplicationSupportsIndirectInputEvents = YES;
				INFOPLIST_KEY_UILaunchScreen_Generation = YES;
				INFOPLIST_KEY_UISupportedInterfaceOrientations_iPad = "UIInterfaceOrientationPortrait UIInterfaceOrientationPortraitUpsideDown UIInterfaceOrientationLandscapeLeft UIInterfaceOrientationLandscapeRight";
				INFOPLIST_KEY_UISupportedInterfaceOrientations_iPhone = "UIInterfaceOrientationPortrait UIInterfaceOrientationLandscapeLeft UIInterfaceOrientationLandscapeRight";
				LD_RUNPATH_SEARCH_PATHS = (
					"$(inherited)",
					"@executable_path/Frameworks",
				);
				MARKETING_VERSION = 1.0;
				PRODUCT_BUNDLE_IDENTIFIER = com.pal.artem.CaloriesDemo;
				PRODUCT_NAME = "$(TARGET_NAME)";
				SWIFT_EMIT_LOC_STRINGS = YES;
				SWIFT_VERSION = 5.0;
				TARGETED_DEVICE_FAMILY = "1,2";
			};
			name = Debug;
		};
		F806F969281B2D3700077EF8 /* Release */ = {
			isa = XCBuildConfiguration;
			buildSettings = {
				ASSETCATALOG_COMPILER_APPICON_NAME = AppIcon;
				ASSETCATALOG_COMPILER_GLOBAL_ACCENT_COLOR_NAME = AccentColor;
				CODE_SIGN_STYLE = Automatic;
				CURRENT_PROJECT_VERSION = 1;
				DEVELOPMENT_ASSET_PATHS = "\"CaloriesDemo/Preview Content\"";
				DEVELOPMENT_TEAM = H5J3S6F67R;
				ENABLE_PREVIEWS = YES;
				GENERATE_INFOPLIST_FILE = YES;
				INFOPLIST_KEY_UIApplicationSceneManifest_Generation = YES;
				INFOPLIST_KEY_UIApplicationSupportsIndirectInputEvents = YES;
				INFOPLIST_KEY_UILaunchScreen_Generation = YES;
				INFOPLIST_KEY_UISupportedInterfaceOrientations_iPad = "UIInterfaceOrientationPortrait UIInterfaceOrientationPortraitUpsideDown UIInterfaceOrientationLandscapeLeft UIInterfaceOrientationLandscapeRight";
				INFOPLIST_KEY_UISupportedInterfaceOrientations_iPhone = "UIInterfaceOrientationPortrait UIInterfaceOrientationLandscapeLeft UIInterfaceOrientationLandscapeRight";
				LD_RUNPATH_SEARCH_PATHS = (
					"$(inherited)",
					"@executable_path/Frameworks",
				);
				MARKETING_VERSION = 1.0;
				PRODUCT_BUNDLE_IDENTIFIER = com.pal.artem.CaloriesDemo;
				PRODUCT_NAME = "$(TARGET_NAME)";
				SWIFT_EMIT_LOC_STRINGS = YES;
				SWIFT_VERSION = 5.0;
				TARGETED_DEVICE_FAMILY = "1,2";
			};
			name = Release;
		};
/* End XCBuildConfiguration section */

/* Begin XCConfigurationList section */
		F806F954281B2D3600077EF8 /* Build configuration list for PBXProject "CaloriesDemo" */ = {
			isa = XCConfigurationList;
			buildConfigurations = (
				F806F965281B2D3700077EF8 /* Debug */,
				F806F966281B2D3700077EF8 /* Release */,
			);
			defaultConfigurationIsVisible = 0;
			defaultConfigurationName = Release;
		};
		F806F967281B2D3700077EF8 /* Build configuration list for PBXNativeTarget "CaloriesDemo" */ = {
			isa = XCConfigurationList;
			buildConfigurations = (
				F806F968281B2D3700077EF8 /* Debug */,
				F806F969281B2D3700077EF8 /* Release */,
			);
			defaultConfigurationIsVisible = 0;
			defaultConfigurationName = Release;
		};
/* End XCConfigurationList section */

/* Begin XCVersionGroup section */
		F806F96D281B2D9000077EF8 /* Food.xcdatamodeld */ = {
			isa = XCVersionGroup;
			children = (
				F806F96E281B2D9000077EF8 /* Food.xcdatamodel */,
			);
			currentVersion = F806F96E281B2D9000077EF8 /* Food.xcdatamodel */;
			path = Food.xcdatamodeld;
			sourceTree = "<group>";
			versionGroupType = wrapper.xcdatamodel;
		};
/* End XCVersionGroup section */
	};
	rootObject = F806F951281B2D3600077EF8 /* Project object */;
}
